
Microsoft Visual Studio Solution File, Format Version 11.00
# Visual Studio 2010
Project("{FAE04EC0-301F-11D3-BF4B-00C04F79EFBC}") = "Tareas", "Tareas\Tareas.csproj", "{AFD1AF5C-AD50-4500-B826-58AEF0012870}"
	ProjectSection(ProjectDependencies) = postProject
		{8F930A77-B125-423E-AE21-333D0C5D0411} = {8F930A77-B125-423E-AE21-333D0C5D0411}
	EndProjectSection
EndProject
Project("{FAE04EC0-301F-11D3-BF4B-00C04F79EFBC}") = "WebServices", "WebServices\WebServices.csproj", "{8F930A77-B125-423E-AE21-333D0C5D0411}"
EndProject
Project("{FAE04EC0-301F-11D3-BF4B-00C04F79EFBC}") = "CheckBackupWinService", "CheckBackupWinService\CheckBackupWinService.csproj", "{61F61CBD-2CCD-43B7-AC06-9CE686E0A2FD}"
EndProject
Global
	GlobalSection(SolutionConfigurationPlatforms) = preSolution
		Debug|Any CPU = Debug|Any CPU
		Debug|Mixed Platforms = Debug|Mixed Platforms
		Debug|x86 = Debug|x86
		Release|Any CPU = Release|Any CPU
		Release|Mixed Platforms = Release|Mixed Platforms
		Release|x86 = Release|x86
	EndGlobalSection
	GlobalSection(ProjectConfigurationPlatforms) = postSolution
		{AFD1AF5C-AD50-4500-B826-58AEF0012870}.Debug|Any CPU.ActiveCfg = Debug|Any CPU
		{AFD1AF5C-AD50-4500-B826-58AEF0012870}.Debug|Any CPU.Build.0 = Debug|Any CPU
		{AFD1AF5C-AD50-4500-B826-58AEF0012870}.Debug|Mixed Platforms.ActiveCfg = Debug|Any CPU
		{AFD1AF5C-AD50-4500-B826-58AEF0012870}.Debug|Mixed Platforms.Build.0 = Debug|Any CPU
		{AFD1AF5C-AD50-4500-B826-58AEF0012870}.Debug|x86.ActiveCfg = Debug|Any CPU
		{AFD1AF5C-AD50-4500-B826-58AEF0012870}.Release|Any CPU.ActiveCfg = Release|Any CPU
		{AFD1AF5C-AD50-4500-B826-58AEF0012870}.Release|Any CPU.Build.0 = Release|Any CPU
		{AFD1AF5C-AD50-4500-B826-58AEF0012870}.Release|Mixed Platforms.ActiveCfg = Release|Any CPU
		{AFD1AF5C-AD50-4500-B826-58AEF0012870}.Release|Mixed Platforms.Build.0 = Release|Any CPU
		{AFD1AF5C-AD50-4500-B826-58AEF0012870}.Release|x86.ActiveCfg = Release|Any CPU
		{8F930A77-B125-423E-AE21-333D0C5D0411}.Debug|Any CPU.ActiveCfg = Debug|Any CPU
		{8F930A77-B125-423E-AE21-333D0C5D0411}.Debug|Any CPU.Build.0 = Debug|Any CPU
		{8F930A77-B125-423E-AE21-333D0C5D0411}.Debug|Mixed Platforms.ActiveCfg = Debug|Any CPU
		{8F930A77-B125-423E-AE21-333D0C5D0411}.Debug|Mixed Platforms.Build.0 = Debug|Any CPU
		{8F930A77-B125-423E-AE21-333D0C5D0411}.Debug|x86.ActiveCfg = Debug|Any CPU
		{8F930A77-B125-423E-AE21-333D0C5D0411}.Release|Any CPU.ActiveCfg = Release|Any CPU
		{8F930A77-B125-423E-AE21-333D0C5D0411}.Release|Any CPU.Build.0 = Release|Any CPU
		{8F930A77-B125-423E-AE21-333D0C5D0411}.Release|Mixed Platforms.ActiveCfg = Release|Any CPU
		{8F930A77-B125-423E-AE21-333D0C5D0411}.Release|Mixed Platforms.Build.0 = Release|Any CPU
		{8F930A77-B125-423E-AE21-333D0C5D0411}.Release|x86.ActiveCfg = Release|Any CPU
		{61F61CBD-2CCD-43B7-AC06-9CE686E0A2FD}.Debug|Any CPU.ActiveCfg = Debug|x86
		{61F61CBD-2CCD-43B7-AC06-9CE686E0A2FD}.Debug|Mixed Platforms.ActiveCfg = Debug|x86
		{61F61CBD-2CCD-43B7-AC06-9CE686E0A2FD}.Debug|Mixed Platforms.Build.0 = Debug|x86
		{61F61CBD-2CCD-43B7-AC06-9CE686E0A2FD}.Debug|x86.ActiveCfg = Debug|x86
		{61F61CBD-2CCD-43B7-AC06-9CE686E0A2FD}.Debug|x86.Build.0 = Debug|x86
		{61F61CBD-2CCD-43B7-AC06-9CE686E0A2FD}.Release|Any CPU.ActiveCfg = Release|x86
		{61F61CBD-2CCD-43B7-AC06-9CE686E0A2FD}.Release|Mixed Platforms.ActiveCfg = Release|x86
		{61F61CBD-2CCD-43B7-AC06-9CE686E0A2FD}.Release|Mixed Platforms.Build.0 = Release|x86
		{61F61CBD-2CCD-43B7-AC06-9CE686E0A2FD}.Release|x86.ActiveCfg = Release|x86
		{61F61CBD-2CCD-43B7-AC06-9CE686E0A2FD}.Release|x86.Build.0 = Release|x86
	EndGlobalSection
	GlobalSection(SolutionProperties) = preSolution
		HideSolutionNode = FALSE
	EndGlobalSection
	GlobalSection(ExtensibilityGlobals) = postSolution
		VisualSVNWorkingCopyRoot = .
	EndGlobalSection
EndGlobal
